
Microsoft Visual Studio Solution File, Format Version 12.00
# Visual Studio Version 16
VisualStudioVersion = 16.0.28917.181
MinimumVisualStudioVersion = 10.0.40219.1
Project("{FAE04EC0-301F-11D3-BF4B-00C04F79EFBC}") = "SaneDevelopment.WPF.Controls", "SaneDevelopment.WPF.Controls\SaneDevelopment.WPF.Controls.csproj", "{3C243421-2A4C-4FA1-8C80-FF1E407D6673}"
EndProject
Project("{FAE04EC0-301F-11D3-BF4B-00C04F79EFBC}") = "Samples", "Samples\Samples.csproj", "{FAC6E5E8-3F26-47B9-8936-09528A72FE81}"
EndProject
Project("{2150E333-8FDC-42A3-9474-1A3956D46DE8}") = "Solution Items", "Solution Items", "{3AF1EE6C-8E5D-4694-8BB6-9012FA4B24F5}"
	ProjectSection(SolutionItems) = preProject
		.editorconfig = .editorconfig
		SaneDevelopment.WPF.Controls.ruleset = SaneDevelopment.WPF.Controls.ruleset
	EndProjectSection
EndProject
Project("{FAE04EC0-301F-11D3-BF4B-00C04F79EFBC}") = "SaneDevelopment.WPF.Controls.Tests", "SaneDevelopment.WPF.Controls.Tests\SaneDevelopment.WPF.Controls.Tests.csproj", "{8EC10F08-9FE3-496D-94A4-9465B371FE88}"
EndProject
Global
	GlobalSection(SolutionConfigurationPlatforms) = preSolution
		Debug|Any CPU = Debug|Any CPU
		Release|Any CPU = Release|Any CPU
	EndGlobalSection
	GlobalSection(ProjectConfigurationPlatforms) = postSolution
		{3C243421-2A4C-4FA1-8C80-FF1E407D6673}.Debug|Any CPU.ActiveCfg = Debug|Any CPU
		{3C243421-2A4C-4FA1-8C80-FF1E407D6673}.Debug|Any CPU.Build.0 = Debug|Any CPU
		{3C243421-2A4C-4FA1-8C80-FF1E407D6673}.Release|Any CPU.ActiveCfg = Release|Any CPU
		{3C243421-2A4C-4FA1-8C80-FF1E407D6673}.Release|Any CPU.Build.0 = Release|Any CPU
		{FAC6E5E8-3F26-47B9-8936-09528A72FE81}.Debug|Any CPU.ActiveCfg = Debug|Any CPU
		{FAC6E5E8-3F26-47B9-8936-09528A72FE81}.Debug|Any CPU.Build.0 = Debug|Any CPU
		{FAC6E5E8-3F26-47B9-8936-09528A72FE81}.Release|Any CPU.ActiveCfg = Release|Any CPU
		{FAC6E5E8-3F26-47B9-8936-09528A72FE81}.Release|Any CPU.Build.0 = Release|Any CPU
		{8EC10F08-9FE3-496D-94A4-9465B371FE88}.Debug|Any CPU.ActiveCfg = Debug|Any CPU
		{8EC10F08-9FE3-496D-94A4-9465B371FE88}.Debug|Any CPU.Build.0 = Debug|Any CPU
		{8EC10F08-9FE3-496D-94A4-9465B371FE88}.Release|Any CPU.ActiveCfg = Release|Any CPU
		{8EC10F08-9FE3-496D-94A4-9465B371FE88}.Release|Any CPU.Build.0 = Release|Any CPU
	EndGlobalSection
	GlobalSection(SolutionProperties) = preSolution
		HideSolutionNode = FALSE
	EndGlobalSection
	GlobalSection(ExtensibilityGlobals) = postSolution
		SolutionGuid = {441E01CF-A1FA-49C4-A3D8-D2A5BEDD62B6}
	EndGlobalSection
EndGlobal
